// !$*UTF8*$!
{
	archiveVersion = 1;
	classes = {
	};
	objectVersion = 56;
	objects = {

/* Begin PBXBuildFile section */
		9E37031129D31A7F00811D97 /* MindCheckApp.swift in Sources */ = {isa = PBXBuildFile; fileRef = 9E37031029D31A7F00811D97 /* MindCheckApp.swift */; };
		9E37031329D31A7F00811D97 /* ContentView.swift in Sources */ = {isa = PBXBuildFile; fileRef = 9E37031229D31A7F00811D97 /* ContentView.swift */; };
		9E37031529D31A8000811D97 /* Assets.xcassets in Resources */ = {isa = PBXBuildFile; fileRef = 9E37031429D31A8000811D97 /* Assets.xcassets */; };
		9E37031829D31A8000811D97 /* Preview Assets.xcassets in Resources */ = {isa = PBXBuildFile; fileRef = 9E37031729D31A8000811D97 /* Preview Assets.xcassets */; };
		9E37032229D32D8D00811D97 /* MentalEventsDetailUIView.swift in Sources */ = {isa = PBXBuildFile; fileRef = 9E37032129D32D8D00811D97 /* MentalEventsDetailUIView.swift */; };
		9E37032629D32DA800811D97 /* MoodDetailUIView.swift in Sources */ = {isa = PBXBuildFile; fileRef = 9E37032529D32DA800811D97 /* MoodDetailUIView.swift */; };
		9E37032829D32DB300811D97 /* StressDetailUIView.swift in Sources */ = {isa = PBXBuildFile; fileRef = 9E37032729D32DB300811D97 /* StressDetailUIView.swift */; };
		9E37032A29D32DBE00811D97 /* SleepDetailUIView.swift in Sources */ = {isa = PBXBuildFile; fileRef = 9E37032929D32DBE00811D97 /* SleepDetailUIView.swift */; };
		9E3BF50029CFB949000972CE /* HomeUIView.swift in Sources */ = {isa = PBXBuildFile; fileRef = 9E3BF4FF29CFB949000972CE /* HomeUIView.swift */; };
		9E5A5F4B29EEBF4D0098CAA2 /* HomeViewModel.swift in Sources */ = {isa = PBXBuildFile; fileRef = 9E5A5F4A29EEBF4D0098CAA2 /* HomeViewModel.swift */; };
		9E5A5F4F29EEC9D20098CAA2 /* NightModel.swift in Sources */ = {isa = PBXBuildFile; fileRef = 9E5A5F4E29EEC9D20098CAA2 /* NightModel.swift */; };
		9E5A5F5129EECABE0098CAA2 /* SleepSegmentModel.swift in Sources */ = {isa = PBXBuildFile; fileRef = 9E5A5F5029EECABE0098CAA2 /* SleepSegmentModel.swift */; };
		9E5A5F5629EEF2DD0098CAA2 /* SleepRepository.swift in Sources */ = {isa = PBXBuildFile; fileRef = 9E5A5F5529EEF2DD0098CAA2 /* SleepRepository.swift */; };
		9E5A5F6029EEFBA10098CAA2 /* SleepService.swift in Sources */ = {isa = PBXBuildFile; fileRef = 9E5A5F5F29EEFBA10098CAA2 /* SleepService.swift */; };
		9E76FD2D29F7EEEF00A02889 /* MindCheck.xcdatamodeld in Sources */ = {isa = PBXBuildFile; fileRef = 9E76FD2B29F7EEEF00A02889 /* MindCheck.xcdatamodeld */; };
		9E76FD3E29F810F100A02889 /* DiaryRepository.swift in Sources */ = {isa = PBXBuildFile; fileRef = 9E76FD3D29F810F100A02889 /* DiaryRepository.swift */; };
		9E76FD4329F814D100A02889 /* DiaryEntryDTO+CoreDataClass.swift in Sources */ = {isa = PBXBuildFile; fileRef = 9E76FD4129F814D100A02889 /* DiaryEntryDTO+CoreDataClass.swift */; };
		9E76FD4429F814D100A02889 /* DiaryEntryDTO+CoreDataProperties.swift in Sources */ = {isa = PBXBuildFile; fileRef = 9E76FD4229F814D100A02889 /* DiaryEntryDTO+CoreDataProperties.swift */; };
		9E76FD4829F8175300A02889 /* DiaryEntry.swift in Sources */ = {isa = PBXBuildFile; fileRef = 9E76FD4729F8175300A02889 /* DiaryEntry.swift */; };
		9E82899329D05CC400A84C1F /* DiaryUIView.swift in Sources */ = {isa = PBXBuildFile; fileRef = 9E82899229D05CC400A84C1F /* DiaryUIView.swift */; };
		9E82899629D05D8E00A84C1F /* DataUIView.swift in Sources */ = {isa = PBXBuildFile; fileRef = 9E82899529D05D8E00A84C1F /* DataUIView.swift */; };
		9E82899929D05D9E00A84C1F /* SleepUIView.swift in Sources */ = {isa = PBXBuildFile; fileRef = 9E82899829D05D9E00A84C1F /* SleepUIView.swift */; };
		9EA7AD8029CAEF580065B0D5 /* MindCheckApp.swift in Sources */ = {isa = PBXBuildFile; fileRef = 9EA7AD7F29CAEF580065B0D5 /* MindCheckApp.swift */; };
		9EA7AD8429CAEF590065B0D5 /* Assets.xcassets in Resources */ = {isa = PBXBuildFile; fileRef = 9EA7AD8329CAEF590065B0D5 /* Assets.xcassets */; };
		9EA7AD8729CAEF590065B0D5 /* Preview Assets.xcassets in Resources */ = {isa = PBXBuildFile; fileRef = 9EA7AD8629CAEF590065B0D5 /* Preview Assets.xcassets */; };
/* End PBXBuildFile section */

/* Begin PBXFileReference section */
		9E37030E29D31A7F00811D97 /* MindCheck Watch App.app */ = {isa = PBXFileReference; explicitFileType = wrapper.application; includeInIndex = 0; path = "MindCheck Watch App.app"; sourceTree = BUILT_PRODUCTS_DIR; };
		9E37031029D31A7F00811D97 /* MindCheckApp.swift */ = {isa = PBXFileReference; lastKnownFileType = sourcecode.swift; path = MindCheckApp.swift; sourceTree = "<group>"; };
		9E37031229D31A7F00811D97 /* ContentView.swift */ = {isa = PBXFileReference; lastKnownFileType = sourcecode.swift; path = ContentView.swift; sourceTree = "<group>"; };
		9E37031429D31A8000811D97 /* Assets.xcassets */ = {isa = PBXFileReference; lastKnownFileType = folder.assetcatalog; path = Assets.xcassets; sourceTree = "<group>"; };
		9E37031729D31A8000811D97 /* Preview Assets.xcassets */ = {isa = PBXFileReference; lastKnownFileType = folder.assetcatalog; path = "Preview Assets.xcassets"; sourceTree = "<group>"; };
		9E37032129D32D8D00811D97 /* MentalEventsDetailUIView.swift */ = {isa = PBXFileReference; lastKnownFileType = sourcecode.swift; path = MentalEventsDetailUIView.swift; sourceTree = "<group>"; };
		9E37032529D32DA800811D97 /* MoodDetailUIView.swift */ = {isa = PBXFileReference; lastKnownFileType = sourcecode.swift; path = MoodDetailUIView.swift; sourceTree = "<group>"; };
		9E37032729D32DB300811D97 /* StressDetailUIView.swift */ = {isa = PBXFileReference; lastKnownFileType = sourcecode.swift; path = StressDetailUIView.swift; sourceTree = "<group>"; };
		9E37032929D32DBE00811D97 /* SleepDetailUIView.swift */ = {isa = PBXFileReference; lastKnownFileType = sourcecode.swift; path = SleepDetailUIView.swift; sourceTree = "<group>"; };
		9E3BF4FF29CFB949000972CE /* HomeUIView.swift */ = {isa = PBXFileReference; lastKnownFileType = sourcecode.swift; path = HomeUIView.swift; sourceTree = "<group>"; };
		9E5A5F4A29EEBF4D0098CAA2 /* HomeViewModel.swift */ = {isa = PBXFileReference; lastKnownFileType = sourcecode.swift; path = HomeViewModel.swift; sourceTree = "<group>"; };
		9E5A5F4C29EEC5B00098CAA2 /* Info.plist */ = {isa = PBXFileReference; lastKnownFileType = text.plist; path = Info.plist; sourceTree = "<group>"; };
		9E5A5F4D29EEC7560098CAA2 /* MindCheck.entitlements */ = {isa = PBXFileReference; lastKnownFileType = text.plist.entitlements; path = MindCheck.entitlements; sourceTree = "<group>"; };
		9E5A5F4E29EEC9D20098CAA2 /* NightModel.swift */ = {isa = PBXFileReference; lastKnownFileType = sourcecode.swift; path = NightModel.swift; sourceTree = "<group>"; };
		9E5A5F5029EECABE0098CAA2 /* SleepSegmentModel.swift */ = {isa = PBXFileReference; lastKnownFileType = sourcecode.swift; path = SleepSegmentModel.swift; sourceTree = "<group>"; };
		9E5A5F5529EEF2DD0098CAA2 /* SleepRepository.swift */ = {isa = PBXFileReference; lastKnownFileType = sourcecode.swift; path = SleepRepository.swift; sourceTree = "<group>"; };
		9E5A5F5F29EEFBA10098CAA2 /* SleepService.swift */ = {isa = PBXFileReference; lastKnownFileType = sourcecode.swift; path = SleepService.swift; sourceTree = "<group>"; };
		9E76FD2C29F7EEEF00A02889 /* MindCheck.xcdatamodel */ = {isa = PBXFileReference; lastKnownFileType = wrapper.xcdatamodel; path = MindCheck.xcdatamodel; sourceTree = "<group>"; };
		9E76FD3D29F810F100A02889 /* DiaryRepository.swift */ = {isa = PBXFileReference; lastKnownFileType = sourcecode.swift; path = DiaryRepository.swift; sourceTree = "<group>"; };
		9E76FD4129F814D100A02889 /* DiaryEntryDTO+CoreDataClass.swift */ = {isa = PBXFileReference; lastKnownFileType = sourcecode.swift; path = "DiaryEntryDTO+CoreDataClass.swift"; sourceTree = SOURCE_ROOT; };
		9E76FD4229F814D100A02889 /* DiaryEntryDTO+CoreDataProperties.swift */ = {isa = PBXFileReference; lastKnownFileType = sourcecode.swift; path = "DiaryEntryDTO+CoreDataProperties.swift"; sourceTree = SOURCE_ROOT; };
		9E76FD4729F8175300A02889 /* DiaryEntry.swift */ = {isa = PBXFileReference; lastKnownFileType = sourcecode.swift; path = DiaryEntry.swift; sourceTree = "<group>"; };
		9E82899229D05CC400A84C1F /* DiaryUIView.swift */ = {isa = PBXFileReference; lastKnownFileType = sourcecode.swift; path = DiaryUIView.swift; sourceTree = "<group>"; };
		9E82899529D05D8E00A84C1F /* DataUIView.swift */ = {isa = PBXFileReference; lastKnownFileType = sourcecode.swift; path = DataUIView.swift; sourceTree = "<group>"; };
		9E82899829D05D9E00A84C1F /* SleepUIView.swift */ = {isa = PBXFileReference; lastKnownFileType = sourcecode.swift; path = SleepUIView.swift; sourceTree = "<group>"; };
		9EA7AD7C29CAEF580065B0D5 /* MindCheck.app */ = {isa = PBXFileReference; explicitFileType = wrapper.application; includeInIndex = 0; path = MindCheck.app; sourceTree = BUILT_PRODUCTS_DIR; };
		9EA7AD7F29CAEF580065B0D5 /* MindCheckApp.swift */ = {isa = PBXFileReference; lastKnownFileType = sourcecode.swift; path = MindCheckApp.swift; sourceTree = "<group>"; };
		9EA7AD8329CAEF590065B0D5 /* Assets.xcassets */ = {isa = PBXFileReference; lastKnownFileType = folder.assetcatalog; path = Assets.xcassets; sourceTree = "<group>"; };
		9EA7AD8629CAEF590065B0D5 /* Preview Assets.xcassets */ = {isa = PBXFileReference; lastKnownFileType = folder.assetcatalog; path = "Preview Assets.xcassets"; sourceTree = "<group>"; };
/* End PBXFileReference section */

/* Begin PBXFrameworksBuildPhase section */
		9E37030B29D31A7F00811D97 /* Frameworks */ = {
			isa = PBXFrameworksBuildPhase;
			buildActionMask = 2147483647;
			files = (
			);
			runOnlyForDeploymentPostprocessing = 0;
		};
		9EA7AD7929CAEF580065B0D5 /* Frameworks */ = {
			isa = PBXFrameworksBuildPhase;
			buildActionMask = 2147483647;
			files = (
			);
			runOnlyForDeploymentPostprocessing = 0;
		};
/* End PBXFrameworksBuildPhase section */

/* Begin PBXGroup section */
		9E37030F29D31A7F00811D97 /* MindCheck Watch App */ = {
			isa = PBXGroup;
			children = (
				9E37031029D31A7F00811D97 /* MindCheckApp.swift */,
				9E37031229D31A7F00811D97 /* ContentView.swift */,
				9E37031429D31A8000811D97 /* Assets.xcassets */,
				9E37031629D31A8000811D97 /* Preview Content */,
			);
			path = "MindCheck Watch App";
			sourceTree = "<group>";
		};
		9E37031629D31A8000811D97 /* Preview Content */ = {
			isa = PBXGroup;
			children = (
				9E37031729D31A8000811D97 /* Preview Assets.xcassets */,
			);
			path = "Preview Content";
			sourceTree = "<group>";
		};
		9E37031C29D32C1F00811D97 /* Detail */ = {
			isa = PBXGroup;
			children = (
				9E37032029D32D6E00811D97 /* MentalEventsDetail */,
				9E37031F29D32C3800811D97 /* MoodDetail */,
				9E37031E29D32C3100811D97 /* StressDetail */,
				9E37031D29D32C2900811D97 /* SleepDetail */,
			);
			path = Detail;
			sourceTree = "<group>";
		};
		9E37031D29D32C2900811D97 /* SleepDetail */ = {
			isa = PBXGroup;
			children = (
				9E37032929D32DBE00811D97 /* SleepDetailUIView.swift */,
			);
			path = SleepDetail;
			sourceTree = "<group>";
		};
		9E37031E29D32C3100811D97 /* StressDetail */ = {
			isa = PBXGroup;
			children = (
				9E37032729D32DB300811D97 /* StressDetailUIView.swift */,
			);
			path = StressDetail;
			sourceTree = "<group>";
		};
		9E37031F29D32C3800811D97 /* MoodDetail */ = {
			isa = PBXGroup;
			children = (
				9E37032529D32DA800811D97 /* MoodDetailUIView.swift */,
			);
			path = MoodDetail;
			sourceTree = "<group>";
		};
		9E37032029D32D6E00811D97 /* MentalEventsDetail */ = {
			isa = PBXGroup;
			children = (
				9E37032129D32D8D00811D97 /* MentalEventsDetailUIView.swift */,
			);
			path = MentalEventsDetail;
			sourceTree = "<group>";
		};
		9E3BF4FE29CFB91E000972CE /* Home */ = {
			isa = PBXGroup;
			children = (
				9E3BF4FF29CFB949000972CE /* HomeUIView.swift */,
				9E5A5F4A29EEBF4D0098CAA2 /* HomeViewModel.swift */,
			);
			path = Home;
			sourceTree = "<group>";
		};
		9E5A5F5229EEF1970098CAA2 /* View */ = {
			isa = PBXGroup;
			children = (
				9E37031C29D32C1F00811D97 /* Detail */,
				9E82899729D05D9300A84C1F /* Sleep */,
				9E82899429D05D7E00A84C1F /* Data */,
				9E82899129D05CAA00A84C1F /* Diary */,
				9E3BF4FE29CFB91E000972CE /* Home */,
			);
			path = View;
			sourceTree = "<group>";
		};
		9E5A5F5329EEF1B10098CAA2 /* Domain */ = {
			isa = PBXGroup;
			children = (
				9E76FD4529F8174300A02889 /* Diary */,
				9E76FD3F29F8126000A02889 /* Sleep */,
			);
			path = Domain;
			sourceTree = "<group>";
		};
		9E5A5F5429EEF1B80098CAA2 /* Data */ = {
			isa = PBXGroup;
			children = (
				9E76FD3829F7F89400A02889 /* Diary */,
				9E76FD2B29F7EEEF00A02889 /* MindCheck.xcdatamodeld */,
				9E5A5F5A29EEF3240098CAA2 /* MentalEvents */,
				9E5A5F5929EEF31F0098CAA2 /* Mood */,
				9E5A5F5829EEF3170098CAA2 /* Stress */,
				9E5A5F5729EEF3040098CAA2 /* Sleep */,
			);
			path = Data;
			sourceTree = "<group>";
		};
		9E5A5F5729EEF3040098CAA2 /* Sleep */ = {
			isa = PBXGroup;
			children = (
				9E5A5F5529EEF2DD0098CAA2 /* SleepRepository.swift */,
			);
			path = Sleep;
			sourceTree = "<group>";
		};
		9E5A5F5829EEF3170098CAA2 /* Stress */ = {
			isa = PBXGroup;
			children = (
			);
			path = Stress;
			sourceTree = "<group>";
		};
		9E5A5F5929EEF31F0098CAA2 /* Mood */ = {
			isa = PBXGroup;
			children = (
			);
			path = Mood;
			sourceTree = "<group>";
		};
		9E5A5F5A29EEF3240098CAA2 /* MentalEvents */ = {
			isa = PBXGroup;
			children = (
			);
			path = MentalEvents;
			sourceTree = "<group>";
		};
		9E76FD3829F7F89400A02889 /* Diary */ = {
			isa = PBXGroup;
			children = (
				9E76FD4129F814D100A02889 /* DiaryEntryDTO+CoreDataClass.swift */,
				9E76FD4229F814D100A02889 /* DiaryEntryDTO+CoreDataProperties.swift */,
				9E76FD3D29F810F100A02889 /* DiaryRepository.swift */,
			);
			path = Diary;
			sourceTree = "<group>";
		};
		9E76FD3F29F8126000A02889 /* Sleep */ = {
			isa = PBXGroup;
			children = (
				9E5A5F5F29EEFBA10098CAA2 /* SleepService.swift */,
				9E76FD4029F8126700A02889 /* Models */,
			);
			path = Sleep;
			sourceTree = "<group>";
		};
		9E76FD4029F8126700A02889 /* Models */ = {
			isa = PBXGroup;
			children = (
				9E5A5F4E29EEC9D20098CAA2 /* NightModel.swift */,
				9E5A5F5029EECABE0098CAA2 /* SleepSegmentModel.swift */,
			);
			path = Models;
			sourceTree = "<group>";
		};
		9E76FD4529F8174300A02889 /* Diary */ = {
			isa = PBXGroup;
			children = (
				9E76FD4629F8174800A02889 /* Models */,
			);
			path = Diary;
			sourceTree = "<group>";
		};
		9E76FD4629F8174800A02889 /* Models */ = {
			isa = PBXGroup;
			children = (
				9E76FD4729F8175300A02889 /* DiaryEntry.swift */,
			);
			path = Models;
			sourceTree = "<group>";
		};
		9E82899129D05CAA00A84C1F /* Diary */ = {
			isa = PBXGroup;
			children = (
				9E82899229D05CC400A84C1F /* DiaryUIView.swift */,
			);
			path = Diary;
			sourceTree = "<group>";
		};
		9E82899429D05D7E00A84C1F /* Data */ = {
			isa = PBXGroup;
			children = (
				9E82899529D05D8E00A84C1F /* DataUIView.swift */,
			);
			path = Data;
			sourceTree = "<group>";
		};
		9E82899729D05D9300A84C1F /* Sleep */ = {
			isa = PBXGroup;
			children = (
				9E82899829D05D9E00A84C1F /* SleepUIView.swift */,
			);
			path = Sleep;
			sourceTree = "<group>";
		};
		9EA7AD7329CAEF580065B0D5 = {
			isa = PBXGroup;
			children = (
				9EA7AD7E29CAEF580065B0D5 /* MindCheck */,
				9E37030F29D31A7F00811D97 /* MindCheck Watch App */,
				9EA7AD7D29CAEF580065B0D5 /* Products */,
			);
			sourceTree = "<group>";
		};
		9EA7AD7D29CAEF580065B0D5 /* Products */ = {
			isa = PBXGroup;
			children = (
				9EA7AD7C29CAEF580065B0D5 /* MindCheck.app */,
				9E37030E29D31A7F00811D97 /* MindCheck Watch App.app */,
			);
			name = Products;
			sourceTree = "<group>";
		};
		9EA7AD7E29CAEF580065B0D5 /* MindCheck */ = {
			isa = PBXGroup;
			children = (
				9E5A5F5429EEF1B80098CAA2 /* Data */,
				9E5A5F5329EEF1B10098CAA2 /* Domain */,
				9E5A5F5229EEF1970098CAA2 /* View */,
				9E5A5F4D29EEC7560098CAA2 /* MindCheck.entitlements */,
				9E5A5F4C29EEC5B00098CAA2 /* Info.plist */,
				9EA7AD7F29CAEF580065B0D5 /* MindCheckApp.swift */,
				9EA7AD8329CAEF590065B0D5 /* Assets.xcassets */,
				9EA7AD8529CAEF590065B0D5 /* Preview Content */,
			);
			path = MindCheck;
			sourceTree = "<group>";
		};
		9EA7AD8529CAEF590065B0D5 /* Preview Content */ = {
			isa = PBXGroup;
			children = (
				9EA7AD8629CAEF590065B0D5 /* Preview Assets.xcassets */,
			);
			path = "Preview Content";
			sourceTree = "<group>";
		};
/* End PBXGroup section */

/* Begin PBXNativeTarget section */
		9E37030D29D31A7F00811D97 /* MindCheck Watch App */ = {
			isa = PBXNativeTarget;
			buildConfigurationList = 9E37031929D31A8000811D97 /* Build configuration list for PBXNativeTarget "MindCheck Watch App" */;
			buildPhases = (
				9E37030A29D31A7F00811D97 /* Sources */,
				9E37030B29D31A7F00811D97 /* Frameworks */,
				9E37030C29D31A7F00811D97 /* Resources */,
			);
			buildRules = (
			);
			dependencies = (
			);
			name = "MindCheck Watch App";
			productName = "MindCheck Watch App";
			productReference = 9E37030E29D31A7F00811D97 /* MindCheck Watch App.app */;
			productType = "com.apple.product-type.application";
		};
		9EA7AD7B29CAEF580065B0D5 /* MindCheck */ = {
			isa = PBXNativeTarget;
			buildConfigurationList = 9EA7AD8A29CAEF590065B0D5 /* Build configuration list for PBXNativeTarget "MindCheck" */;
			buildPhases = (
				9EA7AD7829CAEF580065B0D5 /* Sources */,
				9EA7AD7929CAEF580065B0D5 /* Frameworks */,
				9EA7AD7A29CAEF580065B0D5 /* Resources */,
			);
			buildRules = (
			);
			dependencies = (
			);
			name = MindCheck;
			productName = MindCheck;
			productReference = 9EA7AD7C29CAEF580065B0D5 /* MindCheck.app */;
			productType = "com.apple.product-type.application";
		};
/* End PBXNativeTarget section */

/* Begin PBXProject section */
		9EA7AD7429CAEF580065B0D5 /* Project object */ = {
			isa = PBXProject;
			attributes = {
				BuildIndependentTargetsInParallel = 1;
				LastSwiftUpdateCheck = 1430;
				LastUpgradeCheck = 1420;
				TargetAttributes = {
					9E37030D29D31A7F00811D97 = {
						CreatedOnToolsVersion = 14.3;
					};
					9EA7AD7B29CAEF580065B0D5 = {
						CreatedOnToolsVersion = 14.2;
					};
				};
			};
			buildConfigurationList = 9EA7AD7729CAEF580065B0D5 /* Build configuration list for PBXProject "MindCheck" */;
			compatibilityVersion = "Xcode 14.0";
			developmentRegion = en;
			hasScannedForEncodings = 0;
			knownRegions = (
				en,
				Base,
			);
			mainGroup = 9EA7AD7329CAEF580065B0D5;
			productRefGroup = 9EA7AD7D29CAEF580065B0D5 /* Products */;
			projectDirPath = "";
			projectRoot = "";
			targets = (
				9EA7AD7B29CAEF580065B0D5 /* MindCheck */,
				9E37030D29D31A7F00811D97 /* MindCheck Watch App */,
			);
		};
/* End PBXProject section */

/* Begin PBXResourcesBuildPhase section */
		9E37030C29D31A7F00811D97 /* Resources */ = {
			isa = PBXResourcesBuildPhase;
			buildActionMask = 2147483647;
			files = (
				9E37031829D31A8000811D97 /* Preview Assets.xcassets in Resources */,
				9E37031529D31A8000811D97 /* Assets.xcassets in Resources */,
			);
			runOnlyForDeploymentPostprocessing = 0;
		};
		9EA7AD7A29CAEF580065B0D5 /* Resources */ = {
			isa = PBXResourcesBuildPhase;
			buildActionMask = 2147483647;
			files = (
				9EA7AD8729CAEF590065B0D5 /* Preview Assets.xcassets in Resources */,
				9EA7AD8429CAEF590065B0D5 /* Assets.xcassets in Resources */,
			);
			runOnlyForDeploymentPostprocessing = 0;
		};
/* End PBXResourcesBuildPhase section */

/* Begin PBXSourcesBuildPhase section */
		9E37030A29D31A7F00811D97 /* Sources */ = {
			isa = PBXSourcesBuildPhase;
			buildActionMask = 2147483647;
			files = (
				9E37031329D31A7F00811D97 /* ContentView.swift in Sources */,
				9E37031129D31A7F00811D97 /* MindCheckApp.swift in Sources */,
			);
			runOnlyForDeploymentPostprocessing = 0;
		};
		9EA7AD7829CAEF580065B0D5 /* Sources */ = {
			isa = PBXSourcesBuildPhase;
			buildActionMask = 2147483647;
			files = (
				9E82899329D05CC400A84C1F /* DiaryUIView.swift in Sources */,
				9E37032629D32DA800811D97 /* MoodDetailUIView.swift in Sources */,
				9EA7AD8029CAEF580065B0D5 /* MindCheckApp.swift in Sources */,
				9E5A5F4B29EEBF4D0098CAA2 /* HomeViewModel.swift in Sources */,
				9E76FD4329F814D100A02889 /* DiaryEntryDTO+CoreDataClass.swift in Sources */,
				9E37032829D32DB300811D97 /* StressDetailUIView.swift in Sources */,
				9E82899929D05D9E00A84C1F /* SleepUIView.swift in Sources */,
				9E5A5F6029EEFBA10098CAA2 /* SleepService.swift in Sources */,
				9E82899629D05D8E00A84C1F /* DataUIView.swift in Sources */,
				9E5A5F5129EECABE0098CAA2 /* SleepSegmentModel.swift in Sources */,
				9E76FD4429F814D100A02889 /* DiaryEntryDTO+CoreDataProperties.swift in Sources */,
				9E37032A29D32DBE00811D97 /* SleepDetailUIView.swift in Sources */,
				9E3BF50029CFB949000972CE /* HomeUIView.swift in Sources */,
				9E76FD4829F8175300A02889 /* DiaryEntry.swift in Sources */,
				9E76FD2D29F7EEEF00A02889 /* MindCheck.xcdatamodeld in Sources */,
				9E5A5F5629EEF2DD0098CAA2 /* SleepRepository.swift in Sources */,
				9E37032229D32D8D00811D97 /* MentalEventsDetailUIView.swift in Sources */,
				9E5A5F4F29EEC9D20098CAA2 /* NightModel.swift in Sources */,
				9E76FD3E29F810F100A02889 /* DiaryRepository.swift in Sources */,
			);
			runOnlyForDeploymentPostprocessing = 0;
		};
/* End PBXSourcesBuildPhase section */

/* Begin XCBuildConfiguration section */
		9E37031A29D31A8000811D97 /* Debug */ = {
			isa = XCBuildConfiguration;
			buildSettings = {
				ASSETCATALOG_COMPILER_APPICON_NAME = AppIcon;
				ASSETCATALOG_COMPILER_GLOBAL_ACCENT_COLOR_NAME = AccentColor;
				CODE_SIGN_STYLE = Automatic;
				CURRENT_PROJECT_VERSION = 1;
				DEVELOPMENT_ASSET_PATHS = "\"MindCheck Watch App/Preview Content\"";
				DEVELOPMENT_TEAM = CE6JM5XH47;
				ENABLE_PREVIEWS = YES;
				GENERATE_INFOPLIST_FILE = YES;
				INFOPLIST_KEY_CFBundleDisplayName = MindCheck;
				INFOPLIST_KEY_UISupportedInterfaceOrientations = "UIInterfaceOrientationPortrait UIInterfaceOrientationPortraitUpsideDown";
				INFOPLIST_KEY_WKCompanionAppBundleIdentifier = josian.vanefferen.MindCheck;
				LD_RUNPATH_SEARCH_PATHS = (
					"$(inherited)",
					"@executable_path/Frameworks",
				);
				MARKETING_VERSION = 1.0;
				PRODUCT_BUNDLE_IDENTIFIER = josian.vanefferen.MindCheck.watchkitapp;
				PRODUCT_NAME = "$(TARGET_NAME)";
				SDKROOT = watchos;
				SKIP_INSTALL = YES;
				SWIFT_EMIT_LOC_STRINGS = YES;
				SWIFT_VERSION = 5.0;
				TARGETED_DEVICE_FAMILY = 4;
				WATCHOS_DEPLOYMENT_TARGET = 9.4;
			};
			name = Debug;
		};
		9E37031B29D31A8000811D97 /* Release */ = {
			isa = XCBuildConfiguration;
			buildSettings = {
				ASSETCATALOG_COMPILER_APPICON_NAME = AppIcon;
				ASSETCATALOG_COMPILER_GLOBAL_ACCENT_COLOR_NAME = AccentColor;
				CODE_SIGN_STYLE = Automatic;
				CURRENT_PROJECT_VERSION = 1;
				DEVELOPMENT_ASSET_PATHS = "\"MindCheck Watch App/Preview Content\"";
				DEVELOPMENT_TEAM = CE6JM5XH47;
				ENABLE_PREVIEWS = YES;
				GENERATE_INFOPLIST_FILE = YES;
				INFOPLIST_KEY_CFBundleDisplayName = MindCheck;
				INFOPLIST_KEY_UISupportedInterfaceOrientations = "UIInterfaceOrientationPortrait UIInterfaceOrientationPortraitUpsideDown";
				INFOPLIST_KEY_WKCompanionAppBundleIdentifier = josian.vanefferen.MindCheck;
				LD_RUNPATH_SEARCH_PATHS = (
					"$(inherited)",
					"@executable_path/Frameworks",
				);
				MARKETING_VERSION = 1.0;
				PRODUCT_BUNDLE_IDENTIFIER = josian.vanefferen.MindCheck.watchkitapp;
				PRODUCT_NAME = "$(TARGET_NAME)";
				SDKROOT = watchos;
				SKIP_INSTALL = YES;
				SWIFT_EMIT_LOC_STRINGS = YES;
				SWIFT_VERSION = 5.0;
				TARGETED_DEVICE_FAMILY = 4;
				WATCHOS_DEPLOYMENT_TARGET = 9.4;
			};
			name = Release;
		};
		9EA7AD8829CAEF590065B0D5 /* Debug */ = {
			isa = XCBuildConfiguration;
			buildSettings = {
				ALWAYS_SEARCH_USER_PATHS = NO;
				CLANG_ANALYZER_NONNULL = YES;
				CLANG_ANALYZER_NUMBER_OBJECT_CONVERSION = YES_AGGRESSIVE;
				CLANG_CXX_LANGUAGE_STANDARD = "gnu++20";
				CLANG_ENABLE_MODULES = YES;
				CLANG_ENABLE_OBJC_ARC = YES;
				CLANG_ENABLE_OBJC_WEAK = YES;
				CLANG_WARN_BLOCK_CAPTURE_AUTORELEASING = YES;
				CLANG_WARN_BOOL_CONVERSION = YES;
				CLANG_WARN_COMMA = YES;
				CLANG_WARN_CONSTANT_CONVERSION = YES;
				CLANG_WARN_DEPRECATED_OBJC_IMPLEMENTATIONS = YES;
				CLANG_WARN_DIRECT_OBJC_ISA_USAGE = YES_ERROR;
				CLANG_WARN_DOCUMENTATION_COMMENTS = YES;
				CLANG_WARN_EMPTY_BODY = YES;
				CLANG_WARN_ENUM_CONVERSION = YES;
				CLANG_WARN_INFINITE_RECURSION = YES;
				CLANG_WARN_INT_CONVERSION = YES;
				CLANG_WARN_NON_LITERAL_NULL_CONVERSION = YES;
				CLANG_WARN_OBJC_IMPLICIT_RETAIN_SELF = YES;
				CLANG_WARN_OBJC_LITERAL_CONVERSION = YES;
				CLANG_WARN_OBJC_ROOT_CLASS = YES_ERROR;
				CLANG_WARN_QUOTED_INCLUDE_IN_FRAMEWORK_HEADER = YES;
				CLANG_WARN_RANGE_LOOP_ANALYSIS = YES;
				CLANG_WARN_STRICT_PROTOTYPES = YES;
				CLANG_WARN_SUSPICIOUS_MOVE = YES;
				CLANG_WARN_UNGUARDED_AVAILABILITY = YES_AGGRESSIVE;
				CLANG_WARN_UNREACHABLE_CODE = YES;
				CLANG_WARN__DUPLICATE_METHOD_MATCH = YES;
				COPY_PHASE_STRIP = NO;
				DEBUG_INFORMATION_FORMAT = dwarf;
				ENABLE_STRICT_OBJC_MSGSEND = YES;
				ENABLE_TESTABILITY = YES;
				GCC_C_LANGUAGE_STANDARD = gnu11;
				GCC_DYNAMIC_NO_PIC = NO;
				GCC_NO_COMMON_BLOCKS = YES;
				GCC_OPTIMIZATION_LEVEL = 0;
				GCC_PREPROCESSOR_DEFINITIONS = (
					"DEBUG=1",
					"$(inherited)",
				);
				GCC_WARN_64_TO_32_BIT_CONVERSION = YES;
				GCC_WARN_ABOUT_RETURN_TYPE = YES_ERROR;
				GCC_WARN_UNDECLARED_SELECTOR = YES;
				GCC_WARN_UNINITIALIZED_AUTOS = YES_AGGRESSIVE;
				GCC_WARN_UNUSED_FUNCTION = YES;
				GCC_WARN_UNUSED_VARIABLE = YES;
				IPHONEOS_DEPLOYMENT_TARGET = 16.2;
				MTL_ENABLE_DEBUG_INFO = INCLUDE_SOURCE;
				MTL_FAST_MATH = YES;
				ONLY_ACTIVE_ARCH = YES;
				SDKROOT = iphoneos;
				SWIFT_ACTIVE_COMPILATION_CONDITIONS = DEBUG;
				SWIFT_OPTIMIZATION_LEVEL = "-Onone";
			};
			name = Debug;
		};
		9EA7AD8929CAEF590065B0D5 /* Release */ = {
			isa = XCBuildConfiguration;
			buildSettings = {
				ALWAYS_SEARCH_USER_PATHS = NO;
				CLANG_ANALYZER_NONNULL = YES;
				CLANG_ANALYZER_NUMBER_OBJECT_CONVERSION = YES_AGGRESSIVE;
				CLANG_CXX_LANGUAGE_STANDARD = "gnu++20";
				CLANG_ENABLE_MODULES = YES;
				CLANG_ENABLE_OBJC_ARC = YES;
				CLANG_ENABLE_OBJC_WEAK = YES;
				CLANG_WARN_BLOCK_CAPTURE_AUTORELEASING = YES;
				CLANG_WARN_BOOL_CONVERSION = YES;
				CLANG_WARN_COMMA = YES;
				CLANG_WARN_CONSTANT_CONVERSION = YES;
				CLANG_WARN_DEPRECATED_OBJC_IMPLEMENTATIONS = YES;
				CLANG_WARN_DIRECT_OBJC_ISA_USAGE = YES_ERROR;
				CLANG_WARN_DOCUMENTATION_COMMENTS = YES;
				CLANG_WARN_EMPTY_BODY = YES;
				CLANG_WARN_ENUM_CONVERSION = YES;
				CLANG_WARN_INFINITE_RECURSION = YES;
				CLANG_WARN_INT_CONVERSION = YES;
				CLANG_WARN_NON_LITERAL_NULL_CONVERSION = YES;
				CLANG_WARN_OBJC_IMPLICIT_RETAIN_SELF = YES;
				CLANG_WARN_OBJC_LITERAL_CONVERSION = YES;
				CLANG_WARN_OBJC_ROOT_CLASS = YES_ERROR;
				CLANG_WARN_QUOTED_INCLUDE_IN_FRAMEWORK_HEADER = YES;
				CLANG_WARN_RANGE_LOOP_ANALYSIS = YES;
				CLANG_WARN_STRICT_PROTOTYPES = YES;
				CLANG_WARN_SUSPICIOUS_MOVE = YES;
				CLANG_WARN_UNGUARDED_AVAILABILITY = YES_AGGRESSIVE;
				CLANG_WARN_UNREACHABLE_CODE = YES;
				CLANG_WARN__DUPLICATE_METHOD_MATCH = YES;
				COPY_PHASE_STRIP = NO;
				DEBUG_INFORMATION_FORMAT = "dwarf-with-dsym";
				ENABLE_NS_ASSERTIONS = NO;
				ENABLE_STRICT_OBJC_MSGSEND = YES;
				GCC_C_LANGUAGE_STANDARD = gnu11;
				GCC_NO_COMMON_BLOCKS = YES;
				GCC_WARN_64_TO_32_BIT_CONVERSION = YES;
				GCC_WARN_ABOUT_RETURN_TYPE = YES_ERROR;
				GCC_WARN_UNDECLARED_SELECTOR = YES;
				GCC_WARN_UNINITIALIZED_AUTOS = YES_AGGRESSIVE;
				GCC_WARN_UNUSED_FUNCTION = YES;
				GCC_WARN_UNUSED_VARIABLE = YES;
				IPHONEOS_DEPLOYMENT_TARGET = 16.2;
				MTL_ENABLE_DEBUG_INFO = NO;
				MTL_FAST_MATH = YES;
				SDKROOT = iphoneos;
				SWIFT_COMPILATION_MODE = wholemodule;
				SWIFT_OPTIMIZATION_LEVEL = "-O";
				VALIDATE_PRODUCT = YES;
			};
			name = Release;
		};
		9EA7AD8B29CAEF590065B0D5 /* Debug */ = {
			isa = XCBuildConfiguration;
			buildSettings = {
				ASSETCATALOG_COMPILER_APPICON_NAME = AppIcon;
				ASSETCATALOG_COMPILER_GLOBAL_ACCENT_COLOR_NAME = AccentColor;
				CODE_SIGN_ENTITLEMENTS = MindCheck/MindCheck.entitlements;
				CODE_SIGN_STYLE = Automatic;
				CURRENT_PROJECT_VERSION = 1;
				DEVELOPMENT_ASSET_PATHS = "\"MindCheck/Preview Content\"";
				DEVELOPMENT_TEAM = CE6JM5XH47;
				ENABLE_PREVIEWS = YES;
				GENERATE_INFOPLIST_FILE = YES;
				INFOPLIST_FILE = MindCheck/Info.plist;
				INFOPLIST_KEY_CFBundleDisplayName = MindCheck;
				INFOPLIST_KEY_LSApplicationCategoryType = "public.app-category.healthcare-fitness";
				INFOPLIST_KEY_NSHealthShareUsageDescription = "To analyse your sleep and stress levels, this app wants to read your health data.";
				INFOPLIST_KEY_UIApplicationSceneManifest_Generation = YES;
				INFOPLIST_KEY_UIApplicationSupportsIndirectInputEvents = YES;
				INFOPLIST_KEY_UILaunchScreen_Generation = YES;
				INFOPLIST_KEY_UIStatusBarStyle = "";
				INFOPLIST_KEY_UISupportedInterfaceOrientations = UIInterfaceOrientationPortrait;
				INFOPLIST_KEY_UISupportedInterfaceOrientations_iPad = "UIInterfaceOrientationLandscapeLeft UIInterfaceOrientationLandscapeRight UIInterfaceOrientationPortrait UIInterfaceOrientationPortraitUpsideDown";
				LD_RUNPATH_SEARCH_PATHS = (
					"$(inherited)",
					"@executable_path/Frameworks",
				);
				MARKETING_VERSION = 1.0;
				PRODUCT_BUNDLE_IDENTIFIER = josian.vanefferen.MindCheck;
				PRODUCT_NAME = "$(TARGET_NAME)";
				SWIFT_EMIT_LOC_STRINGS = YES;
				SWIFT_VERSION = 5.0;
				TARGETED_DEVICE_FAMILY = 1;
			};
			name = Debug;
		};
		9EA7AD8C29CAEF590065B0D5 /* Release */ = {
			isa = XCBuildConfiguration;
			buildSettings = {
				ASSETCATALOG_COMPILER_APPICON_NAME = AppIcon;
				ASSETCATALOG_COMPILER_GLOBAL_ACCENT_COLOR_NAME = AccentColor;
				CODE_SIGN_ENTITLEMENTS = MindCheck/MindCheck.entitlements;
				CODE_SIGN_STYLE = Automatic;
				CURRENT_PROJECT_VERSION = 1;
				DEVELOPMENT_ASSET_PATHS = "\"MindCheck/Preview Content\"";
				DEVELOPMENT_TEAM = CE6JM5XH47;
				ENABLE_PREVIEWS = YES;
				GENERATE_INFOPLIST_FILE = YES;
				INFOPLIST_FILE = MindCheck/Info.plist;
				INFOPLIST_KEY_CFBundleDisplayName = MindCheck;
				INFOPLIST_KEY_LSApplicationCategoryType = "public.app-category.healthcare-fitness";
				INFOPLIST_KEY_NSHealthShareUsageDescription = "To analyse your sleep and stress levels, this app wants to read your health data.";
				INFOPLIST_KEY_UIApplicationSceneManifest_Generation = YES;
				INFOPLIST_KEY_UIApplicationSupportsIndirectInputEvents = YES;
				INFOPLIST_KEY_UILaunchScreen_Generation = YES;
				INFOPLIST_KEY_UIStatusBarStyle = "";
				INFOPLIST_KEY_UISupportedInterfaceOrientations = UIInterfaceOrientationPortrait;
				INFOPLIST_KEY_UISupportedInterfaceOrientations_iPad = "UIInterfaceOrientationLandscapeLeft UIInterfaceOrientationLandscapeRight UIInterfaceOrientationPortrait UIInterfaceOrientationPortraitUpsideDown";
				LD_RUNPATH_SEARCH_PATHS = (
					"$(inherited)",
					"@executable_path/Frameworks",
				);
				MARKETING_VERSION = 1.0;
				PRODUCT_BUNDLE_IDENTIFIER = josian.vanefferen.MindCheck;
				PRODUCT_NAME = "$(TARGET_NAME)";
				SWIFT_EMIT_LOC_STRINGS = YES;
				SWIFT_VERSION = 5.0;
				TARGETED_DEVICE_FAMILY = 1;
			};
			name = Release;
		};
/* End XCBuildConfiguration section */

/* Begin XCConfigurationList section */
		9E37031929D31A8000811D97 /* Build configuration list for PBXNativeTarget "MindCheck Watch App" */ = {
			isa = XCConfigurationList;
			buildConfigurations = (
				9E37031A29D31A8000811D97 /* Debug */,
				9E37031B29D31A8000811D97 /* Release */,
			);
			defaultConfigurationIsVisible = 0;
			defaultConfigurationName = Release;
		};
		9EA7AD7729CAEF580065B0D5 /* Build configuration list for PBXProject "MindCheck" */ = {
			isa = XCConfigurationList;
			buildConfigurations = (
				9EA7AD8829CAEF590065B0D5 /* Debug */,
				9EA7AD8929CAEF590065B0D5 /* Release */,
			);
			defaultConfigurationIsVisible = 0;
			defaultConfigurationName = Release;
		};
		9EA7AD8A29CAEF590065B0D5 /* Build configuration list for PBXNativeTarget "MindCheck" */ = {
			isa = XCConfigurationList;
			buildConfigurations = (
				9EA7AD8B29CAEF590065B0D5 /* Debug */,
				9EA7AD8C29CAEF590065B0D5 /* Release */,
			);
			defaultConfigurationIsVisible = 0;
			defaultConfigurationName = Release;
		};
/* End XCConfigurationList section */

/* Begin XCVersionGroup section */
		9E76FD2B29F7EEEF00A02889 /* MindCheck.xcdatamodeld */ = {
			isa = XCVersionGroup;
			children = (
				9E76FD2C29F7EEEF00A02889 /* MindCheck.xcdatamodel */,
			);
			currentVersion = 9E76FD2C29F7EEEF00A02889 /* MindCheck.xcdatamodel */;
			path = MindCheck.xcdatamodeld;
			sourceTree = "<group>";
			versionGroupType = wrapper.xcdatamodel;
		};
/* End XCVersionGroup section */
	};
	rootObject = 9EA7AD7429CAEF580065B0D5 /* Project object */;
}
